
Microsoft Visual Studio Solution File, Format Version 12.00
# Visual Studio 15
VisualStudioVersion = 15.0.27130.2027
MinimumVisualStudioVersion = 10.0.40219.1
Project("{9A19103F-16F7-4668-BE54-9A1E7A4F7556}") = "ULCWebAPI", "ULCWebAPI\ULCWebAPI.csproj", "{9F3BC2CD-49CF-4440-AF61-04A7D0E77BD3}"
EndProject
Project("{9A19103F-16F7-4668-BE54-9A1E7A4F7556}") = "ULCService", "ULCService\ULCService.csproj", "{24E2C04C-8E79-420C-85EC-2EA8D19C2702}"
EndProject
Project("{9A19103F-16F7-4668-BE54-9A1E7A4F7556}") = "ULCServiceCommand", "ULCServiceCommand\ULCServiceCommand.csproj", "{C78FC4A9-D7E9-420C-AFA1-7F0F8B54F572}"
EndProject
Global
	GlobalSection(SolutionConfigurationPlatforms) = preSolution
		Debug|Any CPU = Debug|Any CPU
		DEMO|Any CPU = DEMO|Any CPU
		Release|Any CPU = Release|Any CPU
	EndGlobalSection
	GlobalSection(ProjectConfigurationPlatforms) = postSolution
		{9F3BC2CD-49CF-4440-AF61-04A7D0E77BD3}.Debug|Any CPU.ActiveCfg = Debug|Any CPU
		{9F3BC2CD-49CF-4440-AF61-04A7D0E77BD3}.Debug|Any CPU.Build.0 = Debug|Any CPU
		{9F3BC2CD-49CF-4440-AF61-04A7D0E77BD3}.DEMO|Any CPU.ActiveCfg = DEMO|Any CPU
		{9F3BC2CD-49CF-4440-AF61-04A7D0E77BD3}.DEMO|Any CPU.Build.0 = DEMO|Any CPU
		{9F3BC2CD-49CF-4440-AF61-04A7D0E77BD3}.Release|Any CPU.ActiveCfg = Release|Any CPU
		{9F3BC2CD-49CF-4440-AF61-04A7D0E77BD3}.Release|Any CPU.Build.0 = Release|Any CPU
		{24E2C04C-8E79-420C-85EC-2EA8D19C2702}.Debug|Any CPU.ActiveCfg = Debug|Any CPU
		{24E2C04C-8E79-420C-85EC-2EA8D19C2702}.Debug|Any CPU.Build.0 = Debug|Any CPU
		{24E2C04C-8E79-420C-85EC-2EA8D19C2702}.DEMO|Any CPU.ActiveCfg = DEMO|Any CPU
		{24E2C04C-8E79-420C-85EC-2EA8D19C2702}.DEMO|Any CPU.Build.0 = DEMO|Any CPU
		{24E2C04C-8E79-420C-85EC-2EA8D19C2702}.Release|Any CPU.ActiveCfg = Release|Any CPU
		{24E2C04C-8E79-420C-85EC-2EA8D19C2702}.Release|Any CPU.Build.0 = Release|Any CPU
		{C78FC4A9-D7E9-420C-AFA1-7F0F8B54F572}.Debug|Any CPU.ActiveCfg = Debug|Any CPU
		{C78FC4A9-D7E9-420C-AFA1-7F0F8B54F572}.Debug|Any CPU.Build.0 = Debug|Any CPU
		{C78FC4A9-D7E9-420C-AFA1-7F0F8B54F572}.DEMO|Any CPU.ActiveCfg = DEMO|Any CPU
		{C78FC4A9-D7E9-420C-AFA1-7F0F8B54F572}.DEMO|Any CPU.Build.0 = DEMO|Any CPU
		{C78FC4A9-D7E9-420C-AFA1-7F0F8B54F572}.Release|Any CPU.ActiveCfg = Release|Any CPU
		{C78FC4A9-D7E9-420C-AFA1-7F0F8B54F572}.Release|Any CPU.Build.0 = Release|Any CPU
	EndGlobalSection
	GlobalSection(SolutionProperties) = preSolution
		HideSolutionNode = FALSE
	EndGlobalSection
	GlobalSection(ExtensibilityGlobals) = postSolution
		SolutionGuid = {6B0E8A5E-B3C0-4A3B-8AE9-417EB39D4FF6}
	EndGlobalSection
EndGlobal
